
Microsoft Visual Studio Solution File, Format Version 12.00
# Visual Studio 15
VisualStudioVersion = 15.0.28010.2050
MinimumVisualStudioVersion = 10.0.40219.1
Project("{8BC9CEB8-8B4A-11D0-8D11-00A0C91BC942}") = "TPoly", "TPoly\TPoly.vcxproj", "{66216918-9D18-4F0D-A005-66DBC475D310}"
EndProject
Project("{8BC9CEB8-8B4A-11D0-8D11-00A0C91BC942}") = "UnitTest1", "UnitTest1\UnitTest1.vcxproj", "{92CE147E-E7ED-4AB4-9619-ACD40922C58A}"
EndProject
Global
	GlobalSection(SolutionConfigurationPlatforms) = preSolution
		Debug|x64 = Debug|x64
		Debug|x86 = Debug|x86
		Release|x64 = Release|x64
		Release|x86 = Release|x86
	EndGlobalSection
	GlobalSection(ProjectConfigurationPlatforms) = postSolution
		{66216918-9D18-4F0D-A005-66DBC475D310}.Debug|x64.ActiveCfg = Debug|x64
		{66216918-9D18-4F0D-A005-66DBC475D310}.Debug|x64.Build.0 = Debug|x64
		{66216918-9D18-4F0D-A005-66DBC475D310}.Debug|x86.ActiveCfg = Debug|Win32
		{66216918-9D18-4F0D-A005-66DBC475D310}.Debug|x86.Build.0 = Debug|Win32
		{66216918-9D18-4F0D-A005-66DBC475D310}.Release|x64.ActiveCfg = Release|x64
		{66216918-9D18-4F0D-A005-66DBC475D310}.Release|x64.Build.0 = Release|x64
		{66216918-9D18-4F0D-A005-66DBC475D310}.Release|x86.ActiveCfg = Release|Win32
		{66216918-9D18-4F0D-A005-66DBC475D310}.Release|x86.Build.0 = Release|Win32
		{92CE147E-E7ED-4AB4-9619-ACD40922C58A}.Debug|x64.ActiveCfg = Debug|x64
		{92CE147E-E7ED-4AB4-9619-ACD40922C58A}.Debug|x64.Build.0 = Debug|x64
		{92CE147E-E7ED-4AB4-9619-ACD40922C58A}.Debug|x86.ActiveCfg = Debug|Win32
		{92CE147E-E7ED-4AB4-9619-ACD40922C58A}.Debug|x86.Build.0 = Debug|Win32
		{92CE147E-E7ED-4AB4-9619-ACD40922C58A}.Release|x64.ActiveCfg = Release|x64
		{92CE147E-E7ED-4AB4-9619-ACD40922C58A}.Release|x64.Build.0 = Release|x64
		{92CE147E-E7ED-4AB4-9619-ACD40922C58A}.Release|x86.ActiveCfg = Release|Win32
		{92CE147E-E7ED-4AB4-9619-ACD40922C58A}.Release|x86.Build.0 = Release|Win32
	EndGlobalSection
	GlobalSection(SolutionProperties) = preSolution
		HideSolutionNode = FALSE
	EndGlobalSection
	GlobalSection(ExtensibilityGlobals) = postSolution
		SolutionGuid = {AEDD7754-378E-4F92-A174-892937B573A8}
	EndGlobalSection
EndGlobal
